schema: '2.0'
stages:
  load_data:
    cmd: python -m src.data_loading.load_data
    deps:
    - path: src/data_loading/load_data.py
      hash: md5
      md5: 187a4541f76ee94ef9506319cb8cc33d
      size: 1492
    outs:
    - path: data/raw/raw.csv
      hash: md5
      md5: d53f00966987a76386dddfd5ecfd057c
      size: 116187
  preprocess_data:
    cmd: python -m src.data_preprocessing.preprocess_data
    deps:
    - path: data/raw/raw.csv
      hash: md5
      md5: d53f00966987a76386dddfd5ecfd057c
      size: 116187
    - path: src/data_preprocessing/preprocess_data.py
      hash: md5
      md5: 727f22f9650a9dfb2b1a217912d46034
      size: 3993
    params:
      params.yaml:
        preprocess_data.random_seed: 42
        preprocess_data.test_size: 0.2
    outs:
    - path: artifacts/[features]_mean_imputer.joblib
      hash: md5
      md5: 7b9b465b05f9e21457bf8906fb3ea0c3
      size: 1511
    - path: data/preprocessed/test_preprocessed.csv
      hash: md5
      md5: 80eecdf2a8766ee5a0bf25ddfebe6118
      size: 26641
    - path: data/preprocessed/train_preprocessed.csv
      hash: md5
      md5: e81fef6d27cf5a5241281f6e8392884f
      size: 105804
  engineer_features:
    cmd: python -m src.feature_engineering.engineer_features
    deps:
    - path: data/preprocessed/test_preprocessed.csv
      hash: md5
      md5: 80eecdf2a8766ee5a0bf25ddfebe6118
      size: 26641
    - path: data/preprocessed/train_preprocessed.csv
      hash: md5
      md5: e81fef6d27cf5a5241281f6e8392884f
      size: 105804
    - path: src/feature_engineering/engineer_features.py
      hash: md5
      md5: f8446b81a185b5c5d4b06fd60a3b9b9f
      size: 3052
    outs:
    - path: artifacts/[features]_scaler.joblib
      hash: md5
      md5: ed549f6b4a6807f3aad2a26197be85c3
      size: 2135
    - path: data/processed/test_processed.csv
      hash: md5
      md5: 393b3888476008b401d9fb3baf58d354
      size: 68218
    - path: data/processed/train_processed.csv
      hash: md5
      md5: 9f9a3a8c9984703ffbdd8335e6cdb931
      size: 269696
  train:
    cmd: python -m src.model_training.train_model
    deps:
    - path: data/processed/train_processed.csv
      hash: md5
      md5: 9f9a3a8c9984703ffbdd8335e6cdb931
      size: 269696
    - path: src/model_training/train_model.py
      hash: md5
      md5: 16882d4d228f2794f649f09e0a9c36fc
      size: 5302
    params:
      params.yaml:
        train.batch_size: 32
        train.dropout_rate: 0.3
        train.epochs: 100
        train.hidden_layer_1_neurons: 64
        train.hidden_layer_2_neurons: 32
        train.learning_rate: 0.001
    outs:
    - path: artifacts/[target]_one_hot_encoder.joblib
      hash: md5
      md5: 9c68e41a114fdb0985121e8d89f055bc
      size: 617
    - path: metrics/training.json
      hash: md5
      md5: 0df476d25498bf3d9a95ebbed4a89083
      size: 140
    - path: models/model.keras
      hash: md5
      md5: ab3b876e4bd30a5124d812cf44d55ad0
      size: 79417
  evaluate:
    cmd: python -m src.model_evaluation.evaluate_model
    deps:
    - path: artifacts/[target]_one_hot_encoder.joblib
      hash: md5
      md5: 9c68e41a114fdb0985121e8d89f055bc
      size: 617
    - path: data/processed/test_processed.csv
      hash: md5
      md5: 393b3888476008b401d9fb3baf58d354
      size: 68218
    - path: models/model.keras
      hash: md5
      md5: ab3b876e4bd30a5124d812cf44d55ad0
      size: 79417
    - path: src/model_evaluation/evaluate_model.py
      hash: md5
      md5: 1300021eeca5193c758efb74cfff4814
      size: 2514
    outs:
    - path: metrics/evaluation.json
      hash: md5
      md5: dda27e56fa4b4a4254fa6250e8c36054
      size: 794
