schema: '2.0'
stages:
  load_data:
    cmd: python -m src.data_loading.load_data
    deps:
    - path: src/data_loading/load_data.py
      hash: md5
      md5: 187a4541f76ee94ef9506319cb8cc33d
      size: 1492
    outs:
    - path: data/raw/raw.csv
      hash: md5
      md5: 49a66a66a0756cfd34ee1dfb03d3e167
      size: 116187
  preprocess_data:
    cmd: python -m src.data_preprocessing.preprocess_data
    deps:
    - path: data/raw/raw.csv
      hash: md5
      md5: 49a66a66a0756cfd34ee1dfb03d3e167
      size: 116187
    - path: src/data_preprocessing/preprocess_data.py
      hash: md5
      md5: 727f22f9650a9dfb2b1a217912d46034
      size: 3993
    params:
      params.yaml:
        preprocess_data.random_seed: 42
        preprocess_data.test_size: 0.2
    outs:
    - path: artifacts/[features]_mean_imputer.joblib
      hash: md5
      md5: cf167edd7fddf38af3782f66cb475edf
      size: 1511
    - path: data/preprocessed/test_preprocessed.csv
      hash: md5
      md5: a2092cc6daf9192ce567f9708438fc8e
      size: 26954
    - path: data/preprocessed/train_preprocessed.csv
      hash: md5
      md5: 9b261057a4c6437dc209dba047bf859d
      size: 105954
  engineer_features:
    cmd: python -m src.feature_engineering.engineer_features
    deps:
    - path: data/preprocessed/test_preprocessed.csv
      hash: md5
      md5: a2092cc6daf9192ce567f9708438fc8e
      size: 26954
    - path: data/preprocessed/train_preprocessed.csv
      hash: md5
      md5: 9b261057a4c6437dc209dba047bf859d
      size: 105954
    - path: src/feature_engineering/engineer_features.py
      hash: md5
      md5: f8446b81a185b5c5d4b06fd60a3b9b9f
      size: 3052
    outs:
    - path: artifacts/[features]_scaler.joblib
      hash: md5
      md5: 624dfe03a6d1cc9502a707c8efdf3c02
      size: 2135
    - path: data/processed/test_processed.csv
      hash: md5
      md5: 67e62294f2e167375f1bc3992aec5d8a
      size: 68428
    - path: data/processed/train_processed.csv
      hash: md5
      md5: 9680768b1cf56fdffdedc7eeb5d48ce7
      size: 270844
  train:
    cmd: python -m src.model_training.train_model
    deps:
    - path: data/processed/train_processed.csv
      hash: md5
      md5: 9680768b1cf56fdffdedc7eeb5d48ce7
      size: 270844
    - path: src/model_training/train_model.py
      hash: md5
      md5: 4f368428eafa6504c73156fb173a7563
      size: 6062
    params:
      params.yaml:
        train.batch_size: 32
        train.dropout_rate: 0.25
        train.epochs: 100
        train.hidden_layer_1_neurons: 64
        train.hidden_layer_2_neurons: 32
        train.learning_rate: 0.001
    outs:
    - path: artifacts/[target]_one_hot_encoder.joblib
      hash: md5
      md5: 9c68e41a114fdb0985121e8d89f055bc
      size: 617
    - path: metrics/training.json
      hash: md5
      md5: 0835091705c848d8ebeb12390618c081
      size: 140
    - path: models/model.keras
      hash: md5
      md5: 04b659761e4658fab138c8f5d83fe0f5
      size: 79419
  evaluate:
    cmd: python -m src.model_evaluation.evaluate_model
    deps:
    - path: artifacts/[target]_one_hot_encoder.joblib
      hash: md5
      md5: 9c68e41a114fdb0985121e8d89f055bc
      size: 617
    - path: data/processed/test_processed.csv
      hash: md5
      md5: 67e62294f2e167375f1bc3992aec5d8a
      size: 68428
    - path: models/model.keras
      hash: md5
      md5: 04b659761e4658fab138c8f5d83fe0f5
      size: 79419
    - path: src/model_evaluation/evaluate_model.py
      hash: md5
      md5: 7e3a946311bcd309687269714a488c6c
      size: 3326
    outs:
    - path: metrics/evaluation.json
      hash: md5
      md5: 8868d033f085207efec00b5263aa84ac
      size: 760
